
Microsoft Visual Studio Solution File, Format Version 12.00
# Visual Studio Version 17
VisualStudioVersion = 17.11.35208.52
MinimumVisualStudioVersion = 10.0.40219.1
Project("{FAE04EC0-301F-11D3-BF4B-00C04F79EFBC}") = "LogVariableTask", "LogVariableTask\LogVariableTask.csproj", "{612516F8-5823-44C5-BF76-AAC828904764}"
EndProject
Global
	GlobalSection(SolutionConfigurationPlatforms) = preSolution
		Debug|Any CPU = Debug|Any CPU
		Release|Any CPU = Release|Any CPU
	EndGlobalSection
	GlobalSection(ProjectConfigurationPlatforms) = postSolution
		{612516F8-5823-44C5-BF76-AAC828904764}.Debug|Any CPU.ActiveCfg = Debug|Any CPU
		{612516F8-5823-44C5-BF76-AAC828904764}.Debug|Any CPU.Build.0 = Debug|Any CPU
		{612516F8-5823-44C5-BF76-AAC828904764}.Release|Any CPU.ActiveCfg = Release|Any CPU
		{612516F8-5823-44C5-BF76-AAC828904764}.Release|Any CPU.Build.0 = Release|Any CPU
	EndGlobalSection
	GlobalSection(SolutionProperties) = preSolution
		HideSolutionNode = FALSE
	EndGlobalSection
	GlobalSection(ExtensibilityGlobals) = postSolution
		SolutionGuid = {F63714F9-FCE3-4ABD-9E74-58B292321124}
	EndGlobalSection
EndGlobal
